// !$*UTF8*$!
{
	archiveVersion = 1;
	classes = {
	};
	objectVersion = 48;
	objects = {

/* Begin PBXBuildFile section */
		0E1E19E21FA9C9CB00D438C1 /* Model.swift in Sources */ = {isa = PBXBuildFile; fileRef = 0E1E19E11FA9C9CB00D438C1 /* Model.swift */; };
		0E1E19E41FA9CB1D00D438C1 /* Request.swift in Sources */ = {isa = PBXBuildFile; fileRef = 0E1E19E31FA9CB1D00D438C1 /* Request.swift */; };
		0E1E19E61FA9CE5900D438C1 /* ChannelListViewController.swift in Sources */ = {isa = PBXBuildFile; fileRef = 0E1E19E51FA9CE5900D438C1 /* ChannelListViewController.swift */; };
		0E1E19E81FA9CEF400D438C1 /* ChannelListViewModel.swift in Sources */ = {isa = PBXBuildFile; fileRef = 0E1E19E71FA9CEF400D438C1 /* ChannelListViewModel.swift */; };
		0E1E19EC1FA9E31300D438C1 /* Webservice.swift in Sources */ = {isa = PBXBuildFile; fileRef = 0E1E19EB1FA9E31300D438C1 /* Webservice.swift */; };
		0E1E19EE1FA9E3A700D438C1 /* Commons.swift in Sources */ = {isa = PBXBuildFile; fileRef = 0E1E19ED1FA9E3A700D438C1 /* Commons.swift */; };
		0E1E19F01FA9E66600D438C1 /* ServiceConfig.swift in Sources */ = {isa = PBXBuildFile; fileRef = 0E1E19EF1FA9E66600D438C1 /* ServiceConfig.swift */; };
		0E1E19F21FA9E67F00D438C1 /* Dispatcher.swift in Sources */ = {isa = PBXBuildFile; fileRef = 0E1E19F11FA9E67F00D438C1 /* Dispatcher.swift */; };
		0E1E19F51FA9E88E00D438C1 /* Response.swift in Sources */ = {isa = PBXBuildFile; fileRef = 0E1E19F41FA9E88E00D438C1 /* Response.swift */; };
		0E1E19F71FA9FE4300D438C1 /* Cartfile in Resources */ = {isa = PBXBuildFile; fileRef = 0E1E19F61FA9FE4300D438C1 /* Cartfile */; };
		0E1E19FA1FAA001A00D438C1 /* PromiseKit.framework in Frameworks */ = {isa = PBXBuildFile; fileRef = 0E1E19F91FAA001A00D438C1 /* PromiseKit.framework */; };
		0E1E19FD1FAAC19800D438C1 /* ChannelListCell.swift in Sources */ = {isa = PBXBuildFile; fileRef = 0E1E19FC1FAAC19800D438C1 /* ChannelListCell.swift */; };
		0E3774B71FA2F46C0038814B /* AppDelegate.swift in Sources */ = {isa = PBXBuildFile; fileRef = 0E3774B61FA2F46C0038814B /* AppDelegate.swift */; };
		0E3774BE1FA2F46C0038814B /* Assets.xcassets in Resources */ = {isa = PBXBuildFile; fileRef = 0E3774BD1FA2F46C0038814B /* Assets.xcassets */; };
		0E3774C11FA2F46C0038814B /* LaunchScreen.storyboard in Resources */ = {isa = PBXBuildFile; fileRef = 0E3774BF1FA2F46C0038814B /* LaunchScreen.storyboard */; };
		0E6ED2E31FA2F96400E89FC0 /* Main.storyboard in Resources */ = {isa = PBXBuildFile; fileRef = 0E6ED2E21FA2F96400E89FC0 /* Main.storyboard */; };
/* End PBXBuildFile section */

/* Begin PBXFileReference section */
		0E1E19E11FA9C9CB00D438C1 /* Model.swift */ = {isa = PBXFileReference; lastKnownFileType = sourcecode.swift; path = Model.swift; sourceTree = "<group>"; };
		0E1E19E31FA9CB1D00D438C1 /* Request.swift */ = {isa = PBXFileReference; lastKnownFileType = sourcecode.swift; path = Request.swift; sourceTree = "<group>"; };
		0E1E19E51FA9CE5900D438C1 /* ChannelListViewController.swift */ = {isa = PBXFileReference; lastKnownFileType = sourcecode.swift; path = ChannelListViewController.swift; sourceTree = "<group>"; };
		0E1E19E71FA9CEF400D438C1 /* ChannelListViewModel.swift */ = {isa = PBXFileReference; lastKnownFileType = sourcecode.swift; path = ChannelListViewModel.swift; sourceTree = "<group>"; };
		0E1E19EB1FA9E31300D438C1 /* Webservice.swift */ = {isa = PBXFileReference; lastKnownFileType = sourcecode.swift; path = Webservice.swift; sourceTree = "<group>"; };
		0E1E19ED1FA9E3A700D438C1 /* Commons.swift */ = {isa = PBXFileReference; lastKnownFileType = sourcecode.swift; path = Commons.swift; sourceTree = "<group>"; };
		0E1E19EF1FA9E66600D438C1 /* ServiceConfig.swift */ = {isa = PBXFileReference; lastKnownFileType = sourcecode.swift; path = ServiceConfig.swift; sourceTree = "<group>"; };
		0E1E19F11FA9E67F00D438C1 /* Dispatcher.swift */ = {isa = PBXFileReference; lastKnownFileType = sourcecode.swift; path = Dispatcher.swift; sourceTree = "<group>"; };
		0E1E19F41FA9E88E00D438C1 /* Response.swift */ = {isa = PBXFileReference; lastKnownFileType = sourcecode.swift; path = Response.swift; sourceTree = "<group>"; };
		0E1E19F61FA9FE4300D438C1 /* Cartfile */ = {isa = PBXFileReference; lastKnownFileType = text; path = Cartfile; sourceTree = "<group>"; };
		0E1E19F91FAA001A00D438C1 /* PromiseKit.framework */ = {isa = PBXFileReference; lastKnownFileType = wrapper.framework; name = PromiseKit.framework; path = Carthage/Build/iOS/PromiseKit.framework; sourceTree = SOURCE_ROOT; };
		0E1E19FC1FAAC19800D438C1 /* ChannelListCell.swift */ = {isa = PBXFileReference; lastKnownFileType = sourcecode.swift; path = ChannelListCell.swift; sourceTree = "<group>"; };
		0E3774B31FA2F46C0038814B /* AstroAssigment.app */ = {isa = PBXFileReference; explicitFileType = wrapper.application; includeInIndex = 0; path = AstroAssigment.app; sourceTree = BUILT_PRODUCTS_DIR; };
		0E3774B61FA2F46C0038814B /* AppDelegate.swift */ = {isa = PBXFileReference; lastKnownFileType = sourcecode.swift; path = AppDelegate.swift; sourceTree = "<group>"; };
		0E3774BD1FA2F46C0038814B /* Assets.xcassets */ = {isa = PBXFileReference; lastKnownFileType = folder.assetcatalog; path = Assets.xcassets; sourceTree = "<group>"; };
		0E3774C01FA2F46C0038814B /* Base */ = {isa = PBXFileReference; lastKnownFileType = file.storyboard; name = Base; path = Base.lproj/LaunchScreen.storyboard; sourceTree = "<group>"; };
		0E3774C21FA2F46C0038814B /* Info.plist */ = {isa = PBXFileReference; lastKnownFileType = text.plist.xml; path = Info.plist; sourceTree = "<group>"; };
		0E6ED2E21FA2F96400E89FC0 /* Main.storyboard */ = {isa = PBXFileReference; lastKnownFileType = file.storyboard; path = Main.storyboard; sourceTree = "<group>"; };
/* End PBXFileReference section */

/* Begin PBXFrameworksBuildPhase section */
		0E3774B01FA2F46C0038814B /* Frameworks */ = {
			isa = PBXFrameworksBuildPhase;
			buildActionMask = 2147483647;
			files = (
				0E1E19FA1FAA001A00D438C1 /* PromiseKit.framework in Frameworks */,
			);
			runOnlyForDeploymentPostprocessing = 0;
		};
/* End PBXFrameworksBuildPhase section */

/* Begin PBXGroup section */
		0E1E19E91FA9D45E00D438C1 /* Channel */ = {
			isa = PBXGroup;
			children = (
				0E1E19E71FA9CEF400D438C1 /* ChannelListViewModel.swift */,
				0E1E19E51FA9CE5900D438C1 /* ChannelListViewController.swift */,
				0E1E19FC1FAAC19800D438C1 /* ChannelListCell.swift */,
			);
			path = Channel;
			sourceTree = "<group>";
		};
		0E1E19EA1FA9E2F500D438C1 /* NetWorkLayer */ = {
			isa = PBXGroup;
			children = (
				0E1E19F31FA9E6DB00D438C1 /* NetworkCore */,
				0E1E19EB1FA9E31300D438C1 /* Webservice.swift */,
			);
			path = NetWorkLayer;
			sourceTree = "<group>";
		};
		0E1E19F31FA9E6DB00D438C1 /* NetworkCore */ = {
			isa = PBXGroup;
			children = (
				0E1E19E31FA9CB1D00D438C1 /* Request.swift */,
				0E1E19F11FA9E67F00D438C1 /* Dispatcher.swift */,
				0E1E19EF1FA9E66600D438C1 /* ServiceConfig.swift */,
				0E1E19ED1FA9E3A700D438C1 /* Commons.swift */,
				0E1E19F41FA9E88E00D438C1 /* Response.swift */,
			);
			path = NetworkCore;
			sourceTree = "<group>";
		};
		0E1E19F81FAA000B00D438C1 /* FrameWork */ = {
			isa = PBXGroup;
			children = (
				0E1E19F91FAA001A00D438C1 /* PromiseKit.framework */,
			);
			path = FrameWork;
			sourceTree = "<group>";
		};
		0E3774AA1FA2F46C0038814B = {
			isa = PBXGroup;
			children = (
				0E1E19F81FAA000B00D438C1 /* FrameWork */,
				0E1E19F61FA9FE4300D438C1 /* Cartfile */,
				0E3774B51FA2F46C0038814B /* AstroAssigment */,
				0E3774B41FA2F46C0038814B /* Products */,
			);
			sourceTree = "<group>";
		};
		0E3774B41FA2F46C0038814B /* Products */ = {
			isa = PBXGroup;
			children = (
				0E3774B31FA2F46C0038814B /* AstroAssigment.app */,
			);
			name = Products;
			sourceTree = "<group>";
		};
		0E3774B51FA2F46C0038814B /* AstroAssigment */ = {
			isa = PBXGroup;
			children = (
				0E3774B61FA2F46C0038814B /* AppDelegate.swift */,
				0E1E19E11FA9C9CB00D438C1 /* Model.swift */,
				0E1E19EA1FA9E2F500D438C1 /* NetWorkLayer */,
				0E6ED2E21FA2F96400E89FC0 /* Main.storyboard */,
				0E1E19E91FA9D45E00D438C1 /* Channel */,
				0E3774BD1FA2F46C0038814B /* Assets.xcassets */,
				0E3774BF1FA2F46C0038814B /* LaunchScreen.storyboard */,
				0E3774C21FA2F46C0038814B /* Info.plist */,
			);
			path = AstroAssigment;
			sourceTree = "<group>";
		};
/* End PBXGroup section */

/* Begin PBXNativeTarget section */
		0E3774B21FA2F46C0038814B /* AstroAssigment */ = {
			isa = PBXNativeTarget;
			buildConfigurationList = 0E3774C51FA2F46C0038814B /* Build configuration list for PBXNativeTarget "AstroAssigment" */;
			buildPhases = (
				0E3774AF1FA2F46C0038814B /* Sources */,
				0E3774B01FA2F46C0038814B /* Frameworks */,
				0E3774B11FA2F46C0038814B /* Resources */,
				0E1E19FB1FAA004300D438C1 /* copy-frameworks */,
			);
			buildRules = (
			);
			dependencies = (
			);
			name = AstroAssigment;
			productName = AstroAssigment;
			productReference = 0E3774B31FA2F46C0038814B /* AstroAssigment.app */;
			productType = "com.apple.product-type.application";
		};
/* End PBXNativeTarget section */

/* Begin PBXProject section */
		0E3774AB1FA2F46C0038814B /* Project object */ = {
			isa = PBXProject;
			attributes = {
				LastSwiftUpdateCheck = 0900;
				LastUpgradeCheck = 0900;
				ORGANIZATIONNAME = hungnguyen;
				TargetAttributes = {
					0E3774B21FA2F46C0038814B = {
						CreatedOnToolsVersion = 9.0.1;
						ProvisioningStyle = Automatic;
					};
				};
			};
			buildConfigurationList = 0E3774AE1FA2F46C0038814B /* Build configuration list for PBXProject "AstroAssigment" */;
			compatibilityVersion = "Xcode 8.0";
			developmentRegion = en;
			hasScannedForEncodings = 0;
			knownRegions = (
				en,
				Base,
			);
			mainGroup = 0E3774AA1FA2F46C0038814B;
			productRefGroup = 0E3774B41FA2F46C0038814B /* Products */;
			projectDirPath = "";
			projectRoot = "";
			targets = (
				0E3774B21FA2F46C0038814B /* AstroAssigment */,
			);
		};
/* End PBXProject section */

/* Begin PBXResourcesBuildPhase section */
		0E3774B11FA2F46C0038814B /* Resources */ = {
			isa = PBXResourcesBuildPhase;
			buildActionMask = 2147483647;
			files = (
				0E6ED2E31FA2F96400E89FC0 /* Main.storyboard in Resources */,
				0E3774C11FA2F46C0038814B /* LaunchScreen.storyboard in Resources */,
				0E1E19F71FA9FE4300D438C1 /* Cartfile in Resources */,
				0E3774BE1FA2F46C0038814B /* Assets.xcassets in Resources */,
			);
			runOnlyForDeploymentPostprocessing = 0;
		};
/* End PBXResourcesBuildPhase section */

/* Begin PBXShellScriptBuildPhase section */
		0E1E19FB1FAA004300D438C1 /* copy-frameworks */ = {
			isa = PBXShellScriptBuildPhase;
			buildActionMask = 2147483647;
			files = (
			);
			inputPaths = (
				"$(SRCROOT)/Carthage/Build/iOS/PromiseKit.framework",
			);
			name = "copy-frameworks";
			outputPaths = (
			);
			runOnlyForDeploymentPostprocessing = 0;
			shellPath = /bin/sh;
			shellScript = "/usr/local/bin/carthage copy-frameworks";
		};
/* End PBXShellScriptBuildPhase section */

/* Begin PBXSourcesBuildPhase section */
		0E3774AF1FA2F46C0038814B /* Sources */ = {
			isa = PBXSourcesBuildPhase;
			buildActionMask = 2147483647;
			files = (
				0E1E19EE1FA9E3A700D438C1 /* Commons.swift in Sources */,
				0E1E19E81FA9CEF400D438C1 /* ChannelListViewModel.swift in Sources */,
				0E1E19F21FA9E67F00D438C1 /* Dispatcher.swift in Sources */,
				0E1E19F01FA9E66600D438C1 /* ServiceConfig.swift in Sources */,
				0E1E19FD1FAAC19800D438C1 /* ChannelListCell.swift in Sources */,
				0E1E19F51FA9E88E00D438C1 /* Response.swift in Sources */,
				0E1E19E41FA9CB1D00D438C1 /* Request.swift in Sources */,
				0E1E19EC1FA9E31300D438C1 /* Webservice.swift in Sources */,
				0E3774B71FA2F46C0038814B /* AppDelegate.swift in Sources */,
				0E1E19E21FA9C9CB00D438C1 /* Model.swift in Sources */,
				0E1E19E61FA9CE5900D438C1 /* ChannelListViewController.swift in Sources */,
			);
			runOnlyForDeploymentPostprocessing = 0;
		};
/* End PBXSourcesBuildPhase section */

/* Begin PBXVariantGroup section */
		0E3774BF1FA2F46C0038814B /* LaunchScreen.storyboard */ = {
			isa = PBXVariantGroup;
			children = (
				0E3774C01FA2F46C0038814B /* Base */,
			);
			name = LaunchScreen.storyboard;
			sourceTree = "<group>";
		};
/* End PBXVariantGroup section */

/* Begin XCBuildConfiguration section */
		0E3774C31FA2F46C0038814B /* Debug */ = {
			isa = XCBuildConfiguration;
			buildSettings = {
				ALWAYS_SEARCH_USER_PATHS = NO;
				CLANG_ANALYZER_NONNULL = YES;
				CLANG_ANALYZER_NUMBER_OBJECT_CONVERSION = YES_AGGRESSIVE;
				CLANG_CXX_LANGUAGE_STANDARD = "gnu++14";
				CLANG_CXX_LIBRARY = "libc++";
				CLANG_ENABLE_MODULES = YES;
				CLANG_ENABLE_OBJC_ARC = YES;
				CLANG_WARN_BLOCK_CAPTURE_AUTORELEASING = YES;
				CLANG_WARN_BOOL_CONVERSION = YES;
				CLANG_WARN_COMMA = YES;
				CLANG_WARN_CONSTANT_CONVERSION = YES;
				CLANG_WARN_DIRECT_OBJC_ISA_USAGE = YES_ERROR;
				CLANG_WARN_DOCUMENTATION_COMMENTS = YES;
				CLANG_WARN_EMPTY_BODY = YES;
				CLANG_WARN_ENUM_CONVERSION = YES;
				CLANG_WARN_INFINITE_RECURSION = YES;
				CLANG_WARN_INT_CONVERSION = YES;
				CLANG_WARN_NON_LITERAL_NULL_CONVERSION = YES;
				CLANG_WARN_OBJC_LITERAL_CONVERSION = YES;
				CLANG_WARN_OBJC_ROOT_CLASS = YES_ERROR;
				CLANG_WARN_RANGE_LOOP_ANALYSIS = YES;
				CLANG_WARN_STRICT_PROTOTYPES = YES;
				CLANG_WARN_SUSPICIOUS_MOVE = YES;
				CLANG_WARN_UNGUARDED_AVAILABILITY = YES_AGGRESSIVE;
				CLANG_WARN_UNREACHABLE_CODE = YES;
				CLANG_WARN__DUPLICATE_METHOD_MATCH = YES;
				CODE_SIGN_IDENTITY = "iPhone Developer";
				COPY_PHASE_STRIP = NO;
				DEBUG_INFORMATION_FORMAT = dwarf;
				ENABLE_STRICT_OBJC_MSGSEND = YES;
				ENABLE_TESTABILITY = YES;
				GCC_C_LANGUAGE_STANDARD = gnu11;
				GCC_DYNAMIC_NO_PIC = NO;
				GCC_NO_COMMON_BLOCKS = YES;
				GCC_OPTIMIZATION_LEVEL = 0;
				GCC_PREPROCESSOR_DEFINITIONS = (
					"DEBUG=1",
					"$(inherited)",
				);
				GCC_WARN_64_TO_32_BIT_CONVERSION = YES;
				GCC_WARN_ABOUT_RETURN_TYPE = YES_ERROR;
				GCC_WARN_UNDECLARED_SELECTOR = YES;
				GCC_WARN_UNINITIALIZED_AUTOS = YES_AGGRESSIVE;
				GCC_WARN_UNUSED_FUNCTION = YES;
				GCC_WARN_UNUSED_VARIABLE = YES;
				IPHONEOS_DEPLOYMENT_TARGET = 10.0;
				MTL_ENABLE_DEBUG_INFO = YES;
				ONLY_ACTIVE_ARCH = YES;
				SDKROOT = iphoneos;
				SWIFT_ACTIVE_COMPILATION_CONDITIONS = DEBUG;
				SWIFT_OPTIMIZATION_LEVEL = "-Onone";
			};
			name = Debug;
		};
		0E3774C41FA2F46C0038814B /* Release */ = {
			isa = XCBuildConfiguration;
			buildSettings = {
				ALWAYS_SEARCH_USER_PATHS = NO;
				CLANG_ANALYZER_NONNULL = YES;
				CLANG_ANALYZER_NUMBER_OBJECT_CONVERSION = YES_AGGRESSIVE;
				CLANG_CXX_LANGUAGE_STANDARD = "gnu++14";
				CLANG_CXX_LIBRARY = "libc++";
				CLANG_ENABLE_MODULES = YES;
				CLANG_ENABLE_OBJC_ARC = YES;
				CLANG_WARN_BLOCK_CAPTURE_AUTORELEASING = YES;
				CLANG_WARN_BOOL_CONVERSION = YES;
				CLANG_WARN_COMMA = YES;
				CLANG_WARN_CONSTANT_CONVERSION = YES;
				CLANG_WARN_DIRECT_OBJC_ISA_USAGE = YES_ERROR;
				CLANG_WARN_DOCUMENTATION_COMMENTS = YES;
				CLANG_WARN_EMPTY_BODY = YES;
				CLANG_WARN_ENUM_CONVERSION = YES;
				CLANG_WARN_INFINITE_RECURSION = YES;
				CLANG_WARN_INT_CONVERSION = YES;
				CLANG_WARN_NON_LITERAL_NULL_CONVERSION = YES;
				CLANG_WARN_OBJC_LITERAL_CONVERSION = YES;
				CLANG_WARN_OBJC_ROOT_CLASS = YES_ERROR;
				CLANG_WARN_RANGE_LOOP_ANALYSIS = YES;
				CLANG_WARN_STRICT_PROTOTYPES = YES;
				CLANG_WARN_SUSPICIOUS_MOVE = YES;
				CLANG_WARN_UNGUARDED_AVAILABILITY = YES_AGGRESSIVE;
				CLANG_WARN_UNREACHABLE_CODE = YES;
				CLANG_WARN__DUPLICATE_METHOD_MATCH = YES;
				CODE_SIGN_IDENTITY = "iPhone Developer";
				COPY_PHASE_STRIP = NO;
				DEBUG_INFORMATION_FORMAT = "dwarf-with-dsym";
				ENABLE_NS_ASSERTIONS = NO;
				ENABLE_STRICT_OBJC_MSGSEND = YES;
				GCC_C_LANGUAGE_STANDARD = gnu11;
				GCC_NO_COMMON_BLOCKS = YES;
				GCC_WARN_64_TO_32_BIT_CONVERSION = YES;
				GCC_WARN_ABOUT_RETURN_TYPE = YES_ERROR;
				GCC_WARN_UNDECLARED_SELECTOR = YES;
				GCC_WARN_UNINITIALIZED_AUTOS = YES_AGGRESSIVE;
				GCC_WARN_UNUSED_FUNCTION = YES;
				GCC_WARN_UNUSED_VARIABLE = YES;
				IPHONEOS_DEPLOYMENT_TARGET = 10.0;
				MTL_ENABLE_DEBUG_INFO = NO;
				SDKROOT = iphoneos;
				SWIFT_OPTIMIZATION_LEVEL = "-Owholemodule";
				VALIDATE_PRODUCT = YES;
			};
			name = Release;
		};
		0E3774C61FA2F46C0038814B /* Debug */ = {
			isa = XCBuildConfiguration;
			buildSettings = {
				ASSETCATALOG_COMPILER_APPICON_NAME = AppIcon;
				CODE_SIGN_STYLE = Automatic;
				DEVELOPMENT_TEAM = YNGXG4FX22;
				FRAMEWORK_SEARCH_PATHS = (
					"$(inherited)",
					"$(PROJECT_DIR)/Carthage/Build/iOS",
				);
				INFOPLIST_FILE = AstroAssigment/Info.plist;
				LD_RUNPATH_SEARCH_PATHS = "$(inherited) @executable_path/Frameworks";
				PRODUCT_BUNDLE_IDENTIFIER = private.hungnguyen.com.AstroAssigment;
				PRODUCT_NAME = "$(TARGET_NAME)";
				SWIFT_VERSION = 4.0;
				TARGETED_DEVICE_FAMILY = "1,2";
			};
			name = Debug;
		};
		0E3774C71FA2F46C0038814B /* Release */ = {
			isa = XCBuildConfiguration;
			buildSettings = {
				ASSETCATALOG_COMPILER_APPICON_NAME = AppIcon;
				CODE_SIGN_STYLE = Automatic;
				DEVELOPMENT_TEAM = YNGXG4FX22;
				FRAMEWORK_SEARCH_PATHS = (
					"$(inherited)",
					"$(PROJECT_DIR)/Carthage/Build/iOS",
				);
				INFOPLIST_FILE = AstroAssigment/Info.plist;
				LD_RUNPATH_SEARCH_PATHS = "$(inherited) @executable_path/Frameworks";
				PRODUCT_BUNDLE_IDENTIFIER = private.hungnguyen.com.AstroAssigment;
				PRODUCT_NAME = "$(TARGET_NAME)";
				SWIFT_VERSION = 4.0;
				TARGETED_DEVICE_FAMILY = "1,2";
			};
			name = Release;
		};
/* End XCBuildConfiguration section */

/* Begin XCConfigurationList section */
		0E3774AE1FA2F46C0038814B /* Build configuration list for PBXProject "AstroAssigment" */ = {
			isa = XCConfigurationList;
			buildConfigurations = (
				0E3774C31FA2F46C0038814B /* Debug */,
				0E3774C41FA2F46C0038814B /* Release */,
			);
			defaultConfigurationIsVisible = 0;
			defaultConfigurationName = Release;
		};
		0E3774C51FA2F46C0038814B /* Build configuration list for PBXNativeTarget "AstroAssigment" */ = {
			isa = XCConfigurationList;
			buildConfigurations = (
				0E3774C61FA2F46C0038814B /* Debug */,
				0E3774C71FA2F46C0038814B /* Release */,
			);
			defaultConfigurationIsVisible = 0;
			defaultConfigurationName = Release;
		};
/* End XCConfigurationList section */
	};
	rootObject = 0E3774AB1FA2F46C0038814B /* Project object */;
}
